
Microsoft Visual Studio Solution File, Format Version 12.00
# Visual Studio Version 17
VisualStudioVersion = 17.4.33213.308
MinimumVisualStudioVersion = 10.0.40219.1
Project("{9A19103F-16F7-4668-BE54-9A1E7A4F7556}") = "Week3IfAndSwitch", "Week3IfAndSwitch\Week3IfAndSwitch.csproj", "{149AC339-3D64-424C-9805-16186EB988D0}"
EndProject
Project("{9A19103F-16F7-4668-BE54-9A1E7A4F7556}") = "OddOrEven", "OddOrEven\OddOrEven.csproj", "{BF6943E2-5AC2-4E8C-BED3-1654A3F36E77}"
EndProject
Project("{9A19103F-16F7-4668-BE54-9A1E7A4F7556}") = "IfDayOfTheWeek", "IfDayOfTheWeek\IfDayOfTheWeek.csproj", "{3D9082E1-C997-416D-97E9-BA8DDA192CBB}"
EndProject
Project("{FAE04EC0-301F-11D3-BF4B-00C04F79EFBC}") = "SwitchDayOfTheWeek", "SwitchDayOfTheWeek\SwitchDayOfTheWeek.csproj", "{7140210C-A541-40D8-A831-546DBCD6E4CA}"
EndProject
Global
	GlobalSection(SolutionConfigurationPlatforms) = preSolution
		Debug|Any CPU = Debug|Any CPU
		Release|Any CPU = Release|Any CPU
	EndGlobalSection
	GlobalSection(ProjectConfigurationPlatforms) = postSolution
		{149AC339-3D64-424C-9805-16186EB988D0}.Debug|Any CPU.ActiveCfg = Debug|Any CPU
		{149AC339-3D64-424C-9805-16186EB988D0}.Debug|Any CPU.Build.0 = Debug|Any CPU
		{149AC339-3D64-424C-9805-16186EB988D0}.Release|Any CPU.ActiveCfg = Release|Any CPU
		{149AC339-3D64-424C-9805-16186EB988D0}.Release|Any CPU.Build.0 = Release|Any CPU
		{BF6943E2-5AC2-4E8C-BED3-1654A3F36E77}.Debug|Any CPU.ActiveCfg = Debug|Any CPU
		{BF6943E2-5AC2-4E8C-BED3-1654A3F36E77}.Debug|Any CPU.Build.0 = Debug|Any CPU
		{BF6943E2-5AC2-4E8C-BED3-1654A3F36E77}.Release|Any CPU.ActiveCfg = Release|Any CPU
		{BF6943E2-5AC2-4E8C-BED3-1654A3F36E77}.Release|Any CPU.Build.0 = Release|Any CPU
		{3D9082E1-C997-416D-97E9-BA8DDA192CBB}.Debug|Any CPU.ActiveCfg = Debug|Any CPU
		{3D9082E1-C997-416D-97E9-BA8DDA192CBB}.Debug|Any CPU.Build.0 = Debug|Any CPU
		{3D9082E1-C997-416D-97E9-BA8DDA192CBB}.Release|Any CPU.ActiveCfg = Release|Any CPU
		{3D9082E1-C997-416D-97E9-BA8DDA192CBB}.Release|Any CPU.Build.0 = Release|Any CPU
		{7140210C-A541-40D8-A831-546DBCD6E4CA}.Debug|Any CPU.ActiveCfg = Debug|Any CPU
		{7140210C-A541-40D8-A831-546DBCD6E4CA}.Debug|Any CPU.Build.0 = Debug|Any CPU
		{7140210C-A541-40D8-A831-546DBCD6E4CA}.Release|Any CPU.ActiveCfg = Release|Any CPU
		{7140210C-A541-40D8-A831-546DBCD6E4CA}.Release|Any CPU.Build.0 = Release|Any CPU
	EndGlobalSection
	GlobalSection(SolutionProperties) = preSolution
		HideSolutionNode = FALSE
	EndGlobalSection
	GlobalSection(ExtensibilityGlobals) = postSolution
		SolutionGuid = {318FB0B6-FC93-4A41-A592-FC96BFB599D5}
	EndGlobalSection
EndGlobal
